// !$*UTF8*$!
{
	archiveVersion = 1;
	classes = {
	};
	objectVersion = 56;
	objects = {

/* Begin PBXBuildFile section */
		2BC2A21528854AA30059B962 /* DemoProjectApp.swift in Sources */ = {isa = PBXBuildFile; fileRef = 2BC2A21428854AA30059B962 /* DemoProjectApp.swift */; };
		2BC2A21728854AA30059B962 /* ContentView.swift in Sources */ = {isa = PBXBuildFile; fileRef = 2BC2A21628854AA30059B962 /* ContentView.swift */; };
		2BC2A21928854AA50059B962 /* Assets.xcassets in Resources */ = {isa = PBXBuildFile; fileRef = 2BC2A21828854AA50059B962 /* Assets.xcassets */; };
		2BC2A21D28854AA50059B962 /* Preview Assets.xcassets in Resources */ = {isa = PBXBuildFile; fileRef = 2BC2A21C28854AA50059B962 /* Preview Assets.xcassets */; };
		2BF550D228AE3293008AE306 /* SizeSelectorView.swift in Sources */ = {isa = PBXBuildFile; fileRef = 2BF550D128AE3293008AE306 /* SizeSelectorView.swift */; };
		2BF550D428AE32BE008AE306 /* BackgroundSelectorView.swift in Sources */ = {isa = PBXBuildFile; fileRef = 2BF550D328AE32BE008AE306 /* BackgroundSelectorView.swift */; };
		2BF550D628AE32C6008AE306 /* TiltSelectorView.swift in Sources */ = {isa = PBXBuildFile; fileRef = 2BF550D528AE32C6008AE306 /* TiltSelectorView.swift */; };
		2BF550DA28AE3315008AE306 /* CanvasView.swift in Sources */ = {isa = PBXBuildFile; fileRef = 2BF550D928AE3315008AE306 /* CanvasView.swift */; };
		2BF550DC28AE331C008AE306 /* HeaderView.swift in Sources */ = {isa = PBXBuildFile; fileRef = 2BF550DB28AE331C008AE306 /* HeaderView.swift */; };
		2BF550DF28AE335A008AE306 /* ImageImportView.swift in Sources */ = {isa = PBXBuildFile; fileRef = 2BF550DE28AE335A008AE306 /* ImageImportView.swift */; };
		2BF550E228AEAC89008AE306 /* CanvasViewModel.swift in Sources */ = {isa = PBXBuildFile; fileRef = 2BF550E128AEAC89008AE306 /* CanvasViewModel.swift */; };
		2BF550E528AEACD8008AE306 /* ContentViewModel.swift in Sources */ = {isa = PBXBuildFile; fileRef = 2BF550E428AEACD8008AE306 /* ContentViewModel.swift */; };
		2BF550E728AEACF9008AE306 /* Page.swift in Sources */ = {isa = PBXBuildFile; fileRef = 2BF550E628AEACF9008AE306 /* Page.swift */; };
		2BF550EA28AEAD1C008AE306 /* ImageMetadata.swift in Sources */ = {isa = PBXBuildFile; fileRef = 2BF550E928AEAD1C008AE306 /* ImageMetadata.swift */; };
		2BF550ED28AEADAB008AE306 /* Array+Extensions.swift in Sources */ = {isa = PBXBuildFile; fileRef = 2BF550EC28AEADAB008AE306 /* Array+Extensions.swift */; };
		2BF550EF28AEADDA008AE306 /* ColorItemView.swift in Sources */ = {isa = PBXBuildFile; fileRef = 2BF550EE28AEADDA008AE306 /* ColorItemView.swift */; };
/* End PBXBuildFile section */

/* Begin PBXFileReference section */
		2BC2A21128854AA30059B962 /* DemoProject.app */ = {isa = PBXFileReference; explicitFileType = wrapper.application; includeInIndex = 0; path = DemoProject.app; sourceTree = BUILT_PRODUCTS_DIR; };
		2BC2A21428854AA30059B962 /* DemoProjectApp.swift */ = {isa = PBXFileReference; lastKnownFileType = sourcecode.swift; path = DemoProjectApp.swift; sourceTree = "<group>"; };
		2BC2A21628854AA30059B962 /* ContentView.swift */ = {isa = PBXFileReference; lastKnownFileType = sourcecode.swift; path = ContentView.swift; sourceTree = "<group>"; };
		2BC2A21828854AA50059B962 /* Assets.xcassets */ = {isa = PBXFileReference; lastKnownFileType = folder.assetcatalog; path = Assets.xcassets; sourceTree = "<group>"; };
		2BC2A21A28854AA50059B962 /* DemoProject.entitlements */ = {isa = PBXFileReference; lastKnownFileType = text.plist.entitlements; path = DemoProject.entitlements; sourceTree = "<group>"; };
		2BC2A21C28854AA50059B962 /* Preview Assets.xcassets */ = {isa = PBXFileReference; lastKnownFileType = folder.assetcatalog; path = "Preview Assets.xcassets"; sourceTree = "<group>"; };
		2BF550D128AE3293008AE306 /* SizeSelectorView.swift */ = {isa = PBXFileReference; lastKnownFileType = sourcecode.swift; path = SizeSelectorView.swift; sourceTree = "<group>"; };
		2BF550D328AE32BE008AE306 /* BackgroundSelectorView.swift */ = {isa = PBXFileReference; lastKnownFileType = sourcecode.swift; path = BackgroundSelectorView.swift; sourceTree = "<group>"; };
		2BF550D528AE32C6008AE306 /* TiltSelectorView.swift */ = {isa = PBXFileReference; lastKnownFileType = sourcecode.swift; path = TiltSelectorView.swift; sourceTree = "<group>"; };
		2BF550D928AE3315008AE306 /* CanvasView.swift */ = {isa = PBXFileReference; lastKnownFileType = sourcecode.swift; path = CanvasView.swift; sourceTree = "<group>"; };
		2BF550DB28AE331C008AE306 /* HeaderView.swift */ = {isa = PBXFileReference; lastKnownFileType = sourcecode.swift; path = HeaderView.swift; sourceTree = "<group>"; };
		2BF550DE28AE335A008AE306 /* ImageImportView.swift */ = {isa = PBXFileReference; lastKnownFileType = sourcecode.swift; path = ImageImportView.swift; sourceTree = "<group>"; };
		2BF550E128AEAC89008AE306 /* CanvasViewModel.swift */ = {isa = PBXFileReference; lastKnownFileType = sourcecode.swift; path = CanvasViewModel.swift; sourceTree = "<group>"; };
		2BF550E428AEACD8008AE306 /* ContentViewModel.swift */ = {isa = PBXFileReference; lastKnownFileType = sourcecode.swift; path = ContentViewModel.swift; sourceTree = "<group>"; };
		2BF550E628AEACF9008AE306 /* Page.swift */ = {isa = PBXFileReference; lastKnownFileType = sourcecode.swift; path = Page.swift; sourceTree = "<group>"; };
		2BF550E928AEAD1C008AE306 /* ImageMetadata.swift */ = {isa = PBXFileReference; lastKnownFileType = sourcecode.swift; path = ImageMetadata.swift; sourceTree = "<group>"; };
		2BF550EC28AEADAB008AE306 /* Array+Extensions.swift */ = {isa = PBXFileReference; lastKnownFileType = sourcecode.swift; path = "Array+Extensions.swift"; sourceTree = "<group>"; };
		2BF550EE28AEADDA008AE306 /* ColorItemView.swift */ = {isa = PBXFileReference; lastKnownFileType = sourcecode.swift; path = ColorItemView.swift; sourceTree = "<group>"; };
/* End PBXFileReference section */

/* Begin PBXFrameworksBuildPhase section */
		2BC2A20E28854AA30059B962 /* Frameworks */ = {
			isa = PBXFrameworksBuildPhase;
			buildActionMask = 2147483647;
			files = (
			);
			runOnlyForDeploymentPostprocessing = 0;
		};
/* End PBXFrameworksBuildPhase section */

/* Begin PBXGroup section */
		2BC2A20828854AA30059B962 = {
			isa = PBXGroup;
			children = (
				2BC2A21328854AA30059B962 /* DemoProject */,
				2BC2A21228854AA30059B962 /* Products */,
			);
			sourceTree = "<group>";
		};
		2BC2A21228854AA30059B962 /* Products */ = {
			isa = PBXGroup;
			children = (
				2BC2A21128854AA30059B962 /* DemoProject.app */,
			);
			name = Products;
			sourceTree = "<group>";
		};
		2BC2A21328854AA30059B962 /* DemoProject */ = {
			isa = PBXGroup;
			children = (
				2BF550EB28AEAD95008AE306 /* Extensions */,
				2BF550E828AEAD13008AE306 /* Shared */,
				2BF550D828AE330C008AE306 /* Components */,
				2BF550CD28AE325E008AE306 /* Features */,
				2BC2A21428854AA30059B962 /* DemoProjectApp.swift */,
				2BC2A21828854AA50059B962 /* Assets.xcassets */,
				2BC2A21A28854AA50059B962 /* DemoProject.entitlements */,
				2BC2A21B28854AA50059B962 /* Preview Content */,
			);
			path = DemoProject;
			sourceTree = "<group>";
		};
		2BC2A21B28854AA50059B962 /* Preview Content */ = {
			isa = PBXGroup;
			children = (
				2BC2A21C28854AA50059B962 /* Preview Assets.xcassets */,
			);
			path = "Preview Content";
			sourceTree = "<group>";
		};
		2BF550CD28AE325E008AE306 /* Features */ = {
			isa = PBXGroup;
			children = (
				2BF550E328AEACC7008AE306 /* Home */,
				2BF550DD28AE3344008AE306 /* ImageImport */,
				2BF550D028AE3279008AE306 /* SizeSelector */,
				2BF550CF28AE326B008AE306 /* BackgroundSelector */,
				2BF550CE28AE3265008AE306 /* TiltSelector */,
			);
			path = Features;
			sourceTree = "<group>";
		};
		2BF550CE28AE3265008AE306 /* TiltSelector */ = {
			isa = PBXGroup;
			children = (
				2BF550D528AE32C6008AE306 /* TiltSelectorView.swift */,
			);
			path = TiltSelector;
			sourceTree = "<group>";
		};
		2BF550CF28AE326B008AE306 /* BackgroundSelector */ = {
			isa = PBXGroup;
			children = (
				2BF550D328AE32BE008AE306 /* BackgroundSelectorView.swift */,
			);
			path = BackgroundSelector;
			sourceTree = "<group>";
		};
		2BF550D028AE3279008AE306 /* SizeSelector */ = {
			isa = PBXGroup;
			children = (
				2BF550D128AE3293008AE306 /* SizeSelectorView.swift */,
			);
			path = SizeSelector;
			sourceTree = "<group>";
		};
		2BF550D828AE330C008AE306 /* Components */ = {
			isa = PBXGroup;
			children = (
				2BF550E028AEAC78008AE306 /* Canvas */,
				2BF550DB28AE331C008AE306 /* HeaderView.swift */,
				2BF550EE28AEADDA008AE306 /* ColorItemView.swift */,
			);
			path = Components;
			sourceTree = "<group>";
		};
		2BF550DD28AE3344008AE306 /* ImageImport */ = {
			isa = PBXGroup;
			children = (
				2BF550DE28AE335A008AE306 /* ImageImportView.swift */,
			);
			path = ImageImport;
			sourceTree = "<group>";
		};
		2BF550E028AEAC78008AE306 /* Canvas */ = {
			isa = PBXGroup;
			children = (
				2BF550D928AE3315008AE306 /* CanvasView.swift */,
				2BF550E128AEAC89008AE306 /* CanvasViewModel.swift */,
			);
			path = Canvas;
			sourceTree = "<group>";
		};
		2BF550E328AEACC7008AE306 /* Home */ = {
			isa = PBXGroup;
			children = (
				2BC2A21628854AA30059B962 /* ContentView.swift */,
				2BF550E428AEACD8008AE306 /* ContentViewModel.swift */,
				2BF550E628AEACF9008AE306 /* Page.swift */,
			);
			path = Home;
			sourceTree = "<group>";
		};
		2BF550E828AEAD13008AE306 /* Shared */ = {
			isa = PBXGroup;
			children = (
				2BF550E928AEAD1C008AE306 /* ImageMetadata.swift */,
			);
			path = Shared;
			sourceTree = "<group>";
		};
		2BF550EB28AEAD95008AE306 /* Extensions */ = {
			isa = PBXGroup;
			children = (
				2BF550EC28AEADAB008AE306 /* Array+Extensions.swift */,
			);
			path = Extensions;
			sourceTree = "<group>";
		};
/* End PBXGroup section */

/* Begin PBXNativeTarget section */
		2BC2A21028854AA30059B962 /* DemoProject */ = {
			isa = PBXNativeTarget;
			buildConfigurationList = 2BC2A22028854AA50059B962 /* Build configuration list for PBXNativeTarget "DemoProject" */;
			buildPhases = (
				2BC2A20D28854AA30059B962 /* Sources */,
				2BC2A20E28854AA30059B962 /* Frameworks */,
				2BC2A20F28854AA30059B962 /* Resources */,
			);
			buildRules = (
			);
			dependencies = (
			);
			name = DemoProject;
			productName = DemoProject;
			productReference = 2BC2A21128854AA30059B962 /* DemoProject.app */;
			productType = "com.apple.product-type.application";
		};
/* End PBXNativeTarget section */

/* Begin PBXProject section */
		2BC2A20928854AA30059B962 /* Project object */ = {
			isa = PBXProject;
			attributes = {
				BuildIndependentTargetsInParallel = 1;
				LastSwiftUpdateCheck = 1400;
				LastUpgradeCheck = 1400;
				TargetAttributes = {
					2BC2A21028854AA30059B962 = {
						CreatedOnToolsVersion = 14.0;
					};
				};
			};
			buildConfigurationList = 2BC2A20C28854AA30059B962 /* Build configuration list for PBXProject "DemoProject" */;
			compatibilityVersion = "Xcode 14.0";
			developmentRegion = en;
			hasScannedForEncodings = 0;
			knownRegions = (
				en,
				Base,
			);
			mainGroup = 2BC2A20828854AA30059B962;
			productRefGroup = 2BC2A21228854AA30059B962 /* Products */;
			projectDirPath = "";
			projectRoot = "";
			targets = (
				2BC2A21028854AA30059B962 /* DemoProject */,
			);
		};
/* End PBXProject section */

/* Begin PBXResourcesBuildPhase section */
		2BC2A20F28854AA30059B962 /* Resources */ = {
			isa = PBXResourcesBuildPhase;
			buildActionMask = 2147483647;
			files = (
				2BC2A21D28854AA50059B962 /* Preview Assets.xcassets in Resources */,
				2BC2A21928854AA50059B962 /* Assets.xcassets in Resources */,
			);
			runOnlyForDeploymentPostprocessing = 0;
		};
/* End PBXResourcesBuildPhase section */

/* Begin PBXSourcesBuildPhase section */
		2BC2A20D28854AA30059B962 /* Sources */ = {
			isa = PBXSourcesBuildPhase;
			buildActionMask = 2147483647;
			files = (
				2BC2A21728854AA30059B962 /* ContentView.swift in Sources */,
				2BF550DF28AE335A008AE306 /* ImageImportView.swift in Sources */,
				2BF550E228AEAC89008AE306 /* CanvasViewModel.swift in Sources */,
				2BF550D228AE3293008AE306 /* SizeSelectorView.swift in Sources */,
				2BF550E528AEACD8008AE306 /* ContentViewModel.swift in Sources */,
				2BF550DA28AE3315008AE306 /* CanvasView.swift in Sources */,
				2BF550E728AEACF9008AE306 /* Page.swift in Sources */,
				2BF550D628AE32C6008AE306 /* TiltSelectorView.swift in Sources */,
				2BC2A21528854AA30059B962 /* DemoProjectApp.swift in Sources */,
				2BF550ED28AEADAB008AE306 /* Array+Extensions.swift in Sources */,
				2BF550D428AE32BE008AE306 /* BackgroundSelectorView.swift in Sources */,
				2BF550EA28AEAD1C008AE306 /* ImageMetadata.swift in Sources */,
				2BF550DC28AE331C008AE306 /* HeaderView.swift in Sources */,
				2BF550EF28AEADDA008AE306 /* ColorItemView.swift in Sources */,
			);
			runOnlyForDeploymentPostprocessing = 0;
		};
/* End PBXSourcesBuildPhase section */

/* Begin XCBuildConfiguration section */
		2BC2A21E28854AA50059B962 /* Debug */ = {
			isa = XCBuildConfiguration;
			buildSettings = {
				ALWAYS_SEARCH_USER_PATHS = NO;
				CLANG_ANALYZER_NONNULL = YES;
				CLANG_ANALYZER_NUMBER_OBJECT_CONVERSION = YES_AGGRESSIVE;
				CLANG_CXX_LANGUAGE_STANDARD = "gnu++20";
				CLANG_ENABLE_MODULES = YES;
				CLANG_ENABLE_OBJC_ARC = YES;
				CLANG_ENABLE_OBJC_WEAK = YES;
				CLANG_WARN_BLOCK_CAPTURE_AUTORELEASING = YES;
				CLANG_WARN_BOOL_CONVERSION = YES;
				CLANG_WARN_COMMA = YES;
				CLANG_WARN_CONSTANT_CONVERSION = YES;
				CLANG_WARN_DEPRECATED_OBJC_IMPLEMENTATIONS = YES;
				CLANG_WARN_DIRECT_OBJC_ISA_USAGE = YES_ERROR;
				CLANG_WARN_DOCUMENTATION_COMMENTS = YES;
				CLANG_WARN_EMPTY_BODY = YES;
				CLANG_WARN_ENUM_CONVERSION = YES;
				CLANG_WARN_INFINITE_RECURSION = YES;
				CLANG_WARN_INT_CONVERSION = YES;
				CLANG_WARN_NON_LITERAL_NULL_CONVERSION = YES;
				CLANG_WARN_OBJC_IMPLICIT_RETAIN_SELF = YES;
				CLANG_WARN_OBJC_LITERAL_CONVERSION = YES;
				CLANG_WARN_OBJC_ROOT_CLASS = YES_ERROR;
				CLANG_WARN_QUOTED_INCLUDE_IN_FRAMEWORK_HEADER = YES;
				CLANG_WARN_RANGE_LOOP_ANALYSIS = YES;
				CLANG_WARN_STRICT_PROTOTYPES = YES;
				CLANG_WARN_SUSPICIOUS_MOVE = YES;
				CLANG_WARN_UNGUARDED_AVAILABILITY = YES_AGGRESSIVE;
				CLANG_WARN_UNREACHABLE_CODE = YES;
				CLANG_WARN__DUPLICATE_METHOD_MATCH = YES;
				COPY_PHASE_STRIP = NO;
				DEBUG_INFORMATION_FORMAT = dwarf;
				ENABLE_STRICT_OBJC_MSGSEND = YES;
				ENABLE_TESTABILITY = YES;
				GCC_C_LANGUAGE_STANDARD = gnu11;
				GCC_DYNAMIC_NO_PIC = NO;
				GCC_NO_COMMON_BLOCKS = YES;
				GCC_OPTIMIZATION_LEVEL = 0;
				GCC_PREPROCESSOR_DEFINITIONS = (
					"DEBUG=1",
					"$(inherited)",
				);
				GCC_WARN_64_TO_32_BIT_CONVERSION = YES;
				GCC_WARN_ABOUT_RETURN_TYPE = YES_ERROR;
				GCC_WARN_UNDECLARED_SELECTOR = YES;
				GCC_WARN_UNINITIALIZED_AUTOS = YES_AGGRESSIVE;
				GCC_WARN_UNUSED_FUNCTION = YES;
				GCC_WARN_UNUSED_VARIABLE = YES;
				MTL_ENABLE_DEBUG_INFO = INCLUDE_SOURCE;
				MTL_FAST_MATH = YES;
				ONLY_ACTIVE_ARCH = YES;
				SWIFT_ACTIVE_COMPILATION_CONDITIONS = DEBUG;
				SWIFT_OPTIMIZATION_LEVEL = "-Onone";
			};
			name = Debug;
		};
		2BC2A21F28854AA50059B962 /* Release */ = {
			isa = XCBuildConfiguration;
			buildSettings = {
				ALWAYS_SEARCH_USER_PATHS = NO;
				CLANG_ANALYZER_NONNULL = YES;
				CLANG_ANALYZER_NUMBER_OBJECT_CONVERSION = YES_AGGRESSIVE;
				CLANG_CXX_LANGUAGE_STANDARD = "gnu++20";
				CLANG_ENABLE_MODULES = YES;
				CLANG_ENABLE_OBJC_ARC = YES;
				CLANG_ENABLE_OBJC_WEAK = YES;
				CLANG_WARN_BLOCK_CAPTURE_AUTORELEASING = YES;
				CLANG_WARN_BOOL_CONVERSION = YES;
				CLANG_WARN_COMMA = YES;
				CLANG_WARN_CONSTANT_CONVERSION = YES;
				CLANG_WARN_DEPRECATED_OBJC_IMPLEMENTATIONS = YES;
				CLANG_WARN_DIRECT_OBJC_ISA_USAGE = YES_ERROR;
				CLANG_WARN_DOCUMENTATION_COMMENTS = YES;
				CLANG_WARN_EMPTY_BODY = YES;
				CLANG_WARN_ENUM_CONVERSION = YES;
				CLANG_WARN_INFINITE_RECURSION = YES;
				CLANG_WARN_INT_CONVERSION = YES;
				CLANG_WARN_NON_LITERAL_NULL_CONVERSION = YES;
				CLANG_WARN_OBJC_IMPLICIT_RETAIN_SELF = YES;
				CLANG_WARN_OBJC_LITERAL_CONVERSION = YES;
				CLANG_WARN_OBJC_ROOT_CLASS = YES_ERROR;
				CLANG_WARN_QUOTED_INCLUDE_IN_FRAMEWORK_HEADER = YES;
				CLANG_WARN_RANGE_LOOP_ANALYSIS = YES;
				CLANG_WARN_STRICT_PROTOTYPES = YES;
				CLANG_WARN_SUSPICIOUS_MOVE = YES;
				CLANG_WARN_UNGUARDED_AVAILABILITY = YES_AGGRESSIVE;
				CLANG_WARN_UNREACHABLE_CODE = YES;
				CLANG_WARN__DUPLICATE_METHOD_MATCH = YES;
				COPY_PHASE_STRIP = NO;
				DEBUG_INFORMATION_FORMAT = "dwarf-with-dsym";
				ENABLE_NS_ASSERTIONS = NO;
				ENABLE_STRICT_OBJC_MSGSEND = YES;
				GCC_C_LANGUAGE_STANDARD = gnu11;
				GCC_NO_COMMON_BLOCKS = YES;
				GCC_WARN_64_TO_32_BIT_CONVERSION = YES;
				GCC_WARN_ABOUT_RETURN_TYPE = YES_ERROR;
				GCC_WARN_UNDECLARED_SELECTOR = YES;
				GCC_WARN_UNINITIALIZED_AUTOS = YES_AGGRESSIVE;
				GCC_WARN_UNUSED_FUNCTION = YES;
				GCC_WARN_UNUSED_VARIABLE = YES;
				MTL_ENABLE_DEBUG_INFO = NO;
				MTL_FAST_MATH = YES;
				SWIFT_COMPILATION_MODE = wholemodule;
				SWIFT_OPTIMIZATION_LEVEL = "-O";
			};
			name = Release;
		};
		2BC2A22128854AA50059B962 /* Debug */ = {
			isa = XCBuildConfiguration;
			buildSettings = {
				ASSETCATALOG_COMPILER_APPICON_NAME = AppIcon;
				ASSETCATALOG_COMPILER_GLOBAL_ACCENT_COLOR_NAME = AccentColor;
				CODE_SIGN_ENTITLEMENTS = DemoProject/DemoProject.entitlements;
				CODE_SIGN_STYLE = Automatic;
				CURRENT_PROJECT_VERSION = 1;
				DEVELOPMENT_ASSET_PATHS = "\"DemoProject/Preview Content\"";
				DEVELOPMENT_TEAM = 9K2U2E58HB;
				ENABLE_HARDENED_RUNTIME = YES;
				ENABLE_PREVIEWS = YES;
				GENERATE_INFOPLIST_FILE = YES;
				"INFOPLIST_KEY_UIApplicationSceneManifest_Generation[sdk=iphoneos*]" = YES;
				"INFOPLIST_KEY_UIApplicationSceneManifest_Generation[sdk=iphonesimulator*]" = YES;
				"INFOPLIST_KEY_UIApplicationSupportsIndirectInputEvents[sdk=iphoneos*]" = YES;
				"INFOPLIST_KEY_UIApplicationSupportsIndirectInputEvents[sdk=iphonesimulator*]" = YES;
				"INFOPLIST_KEY_UILaunchScreen_Generation[sdk=iphoneos*]" = YES;
				"INFOPLIST_KEY_UILaunchScreen_Generation[sdk=iphonesimulator*]" = YES;
				INFOPLIST_KEY_UISupportedInterfaceOrientations_iPad = "UIInterfaceOrientationPortrait UIInterfaceOrientationPortraitUpsideDown UIInterfaceOrientationLandscapeLeft UIInterfaceOrientationLandscapeRight";
				INFOPLIST_KEY_UISupportedInterfaceOrientations_iPhone = "UIInterfaceOrientationPortrait UIInterfaceOrientationLandscapeLeft UIInterfaceOrientationLandscapeRight";
				IPHONEOS_DEPLOYMENT_TARGET = 16.0;
				LD_RUNPATH_SEARCH_PATHS = "@executable_path/Frameworks";
				"LD_RUNPATH_SEARCH_PATHS[sdk=macosx*]" = "@executable_path/../Frameworks";
				MACOSX_DEPLOYMENT_TARGET = 12.5;
				MARKETING_VERSION = 1.0;
				PRODUCT_BUNDLE_IDENTIFIER = com.swiftui.ppsy.DemoProject;
				PRODUCT_NAME = "$(TARGET_NAME)";
				SDKROOT = auto;
				SUPPORTED_PLATFORMS = "iphoneos iphonesimulator macosx";
				SWIFT_EMIT_LOC_STRINGS = YES;
				SWIFT_VERSION = 5.0;
				TARGETED_DEVICE_FAMILY = "1,2";
			};
			name = Debug;
		};
		2BC2A22228854AA50059B962 /* Release */ = {
			isa = XCBuildConfiguration;
			buildSettings = {
				ASSETCATALOG_COMPILER_APPICON_NAME = AppIcon;
				ASSETCATALOG_COMPILER_GLOBAL_ACCENT_COLOR_NAME = AccentColor;
				CODE_SIGN_ENTITLEMENTS = DemoProject/DemoProject.entitlements;
				CODE_SIGN_STYLE = Automatic;
				CURRENT_PROJECT_VERSION = 1;
				DEVELOPMENT_ASSET_PATHS = "\"DemoProject/Preview Content\"";
				DEVELOPMENT_TEAM = 9K2U2E58HB;
				ENABLE_HARDENED_RUNTIME = YES;
				ENABLE_PREVIEWS = YES;
				GENERATE_INFOPLIST_FILE = YES;
				"INFOPLIST_KEY_UIApplicationSceneManifest_Generation[sdk=iphoneos*]" = YES;
				"INFOPLIST_KEY_UIApplicationSceneManifest_Generation[sdk=iphonesimulator*]" = YES;
				"INFOPLIST_KEY_UIApplicationSupportsIndirectInputEvents[sdk=iphoneos*]" = YES;
				"INFOPLIST_KEY_UIApplicationSupportsIndirectInputEvents[sdk=iphonesimulator*]" = YES;
				"INFOPLIST_KEY_UILaunchScreen_Generation[sdk=iphoneos*]" = YES;
				"INFOPLIST_KEY_UILaunchScreen_Generation[sdk=iphonesimulator*]" = YES;
				INFOPLIST_KEY_UISupportedInterfaceOrientations_iPad = "UIInterfaceOrientationPortrait UIInterfaceOrientationPortraitUpsideDown UIInterfaceOrientationLandscapeLeft UIInterfaceOrientationLandscapeRight";
				INFOPLIST_KEY_UISupportedInterfaceOrientations_iPhone = "UIInterfaceOrientationPortrait UIInterfaceOrientationLandscapeLeft UIInterfaceOrientationLandscapeRight";
				IPHONEOS_DEPLOYMENT_TARGET = 16.0;
				LD_RUNPATH_SEARCH_PATHS = "@executable_path/Frameworks";
				"LD_RUNPATH_SEARCH_PATHS[sdk=macosx*]" = "@executable_path/../Frameworks";
				MACOSX_DEPLOYMENT_TARGET = 12.5;
				MARKETING_VERSION = 1.0;
				PRODUCT_BUNDLE_IDENTIFIER = com.swiftui.ppsy.DemoProject;
				PRODUCT_NAME = "$(TARGET_NAME)";
				SDKROOT = auto;
				SUPPORTED_PLATFORMS = "iphoneos iphonesimulator macosx";
				SWIFT_EMIT_LOC_STRINGS = YES;
				SWIFT_VERSION = 5.0;
				TARGETED_DEVICE_FAMILY = "1,2";
			};
			name = Release;
		};
/* End XCBuildConfiguration section */

/* Begin XCConfigurationList section */
		2BC2A20C28854AA30059B962 /* Build configuration list for PBXProject "DemoProject" */ = {
			isa = XCConfigurationList;
			buildConfigurations = (
				2BC2A21E28854AA50059B962 /* Debug */,
				2BC2A21F28854AA50059B962 /* Release */,
			);
			defaultConfigurationIsVisible = 0;
			defaultConfigurationName = Release;
		};
		2BC2A22028854AA50059B962 /* Build configuration list for PBXNativeTarget "DemoProject" */ = {
			isa = XCConfigurationList;
			buildConfigurations = (
				2BC2A22128854AA50059B962 /* Debug */,
				2BC2A22228854AA50059B962 /* Release */,
			);
			defaultConfigurationIsVisible = 0;
			defaultConfigurationName = Release;
		};
/* End XCConfigurationList section */
	};
	rootObject = 2BC2A20928854AA30059B962 /* Project object */;
}
